// !$*UTF8*$!
{
	archiveVersion = 1;
	classes = {
	};
	objectVersion = 50;
	objects = {

/* Begin PBXBuildFile section */
		3918444A20B4422A0009256D /* AppDelegate.swift in Sources */ = {isa = PBXBuildFile; fileRef = 3918444920B4422A0009256D /* AppDelegate.swift */; };
		3918444F20B4422A0009256D /* Main.storyboard in Resources */ = {isa = PBXBuildFile; fileRef = 3918444D20B4422A0009256D /* Main.storyboard */; };
		3918445220B4422A0009256D /* JCApp.xcdatamodeld in Sources */ = {isa = PBXBuildFile; fileRef = 3918445020B4422A0009256D /* JCApp.xcdatamodeld */; };
		3918445420B4422C0009256D /* Assets.xcassets in Resources */ = {isa = PBXBuildFile; fileRef = 3918445320B4422C0009256D /* Assets.xcassets */; };
		3918445720B4422C0009256D /* LaunchScreen.storyboard in Resources */ = {isa = PBXBuildFile; fileRef = 3918445520B4422C0009256D /* LaunchScreen.storyboard */; };
		3918446220B4422C0009256D /* JCAppTests.swift in Sources */ = {isa = PBXBuildFile; fileRef = 3918446120B4422C0009256D /* JCAppTests.swift */; };
		3918446D20B4422C0009256D /* JCAppUITests.swift in Sources */ = {isa = PBXBuildFile; fileRef = 3918446C20B4422C0009256D /* JCAppUITests.swift */; };
		3918449220B4469A0009256D /* JCApiClient.framework in Frameworks */ = {isa = PBXBuildFile; fileRef = 3918449120B4469A0009256D /* JCApiClient.framework */; };
		3918449420B4469F0009256D /* JCApiClient.framework in Embed Frameworks */ = {isa = PBXBuildFile; fileRef = 3918449120B4469A0009256D /* JCApiClient.framework */; settings = {ATTRIBUTES = (CodeSignOnCopy, RemoveHeadersOnCopy, ); }; };
		3986277F20B44BFD00063201 /* EventsTableViewController.swift in Sources */ = {isa = PBXBuildFile; fileRef = 3986277E20B44BFD00063201 /* EventsTableViewController.swift */; };
/* End PBXBuildFile section */

/* Begin PBXContainerItemProxy section */
		3918445E20B4422C0009256D /* PBXContainerItemProxy */ = {
			isa = PBXContainerItemProxy;
			containerPortal = 3918443E20B4422A0009256D /* Project object */;
			proxyType = 1;
			remoteGlobalIDString = 3918444520B4422A0009256D;
			remoteInfo = JCApp;
		};
		3918446920B4422C0009256D /* PBXContainerItemProxy */ = {
			isa = PBXContainerItemProxy;
			containerPortal = 3918443E20B4422A0009256D /* Project object */;
			proxyType = 1;
			remoteGlobalIDString = 3918444520B4422A0009256D;
			remoteInfo = JCApp;
		};
/* End PBXContainerItemProxy section */

/* Begin PBXCopyFilesBuildPhase section */
		3918448F20B446830009256D /* Embed Frameworks */ = {
			isa = PBXCopyFilesBuildPhase;
			buildActionMask = 2147483647;
			dstPath = "";
			dstSubfolderSpec = 10;
			files = (
				3918449420B4469F0009256D /* JCApiClient.framework in Embed Frameworks */,
			);
			name = "Embed Frameworks";
			runOnlyForDeploymentPostprocessing = 0;
		};
/* End PBXCopyFilesBuildPhase section */

/* Begin PBXFileReference section */
		3918444620B4422A0009256D /* JCApp.app */ = {isa = PBXFileReference; explicitFileType = wrapper.application; includeInIndex = 0; path = JCApp.app; sourceTree = BUILT_PRODUCTS_DIR; };
		3918444920B4422A0009256D /* AppDelegate.swift */ = {isa = PBXFileReference; lastKnownFileType = sourcecode.swift; path = AppDelegate.swift; sourceTree = "<group>"; };
		3918444E20B4422A0009256D /* Base */ = {isa = PBXFileReference; lastKnownFileType = file.storyboard; name = Base; path = Base.lproj/Main.storyboard; sourceTree = "<group>"; };
		3918445120B4422A0009256D /* JCApp.xcdatamodel */ = {isa = PBXFileReference; lastKnownFileType = wrapper.xcdatamodel; path = JCApp.xcdatamodel; sourceTree = "<group>"; };
		3918445320B4422C0009256D /* Assets.xcassets */ = {isa = PBXFileReference; lastKnownFileType = folder.assetcatalog; path = Assets.xcassets; sourceTree = "<group>"; };
		3918445620B4422C0009256D /* Base */ = {isa = PBXFileReference; lastKnownFileType = file.storyboard; name = Base; path = Base.lproj/LaunchScreen.storyboard; sourceTree = "<group>"; };
		3918445820B4422C0009256D /* Info.plist */ = {isa = PBXFileReference; lastKnownFileType = text.plist.xml; path = Info.plist; sourceTree = "<group>"; };
		3918445D20B4422C0009256D /* JCAppTests.xctest */ = {isa = PBXFileReference; explicitFileType = wrapper.cfbundle; includeInIndex = 0; path = JCAppTests.xctest; sourceTree = BUILT_PRODUCTS_DIR; };
		3918446120B4422C0009256D /* JCAppTests.swift */ = {isa = PBXFileReference; lastKnownFileType = sourcecode.swift; path = JCAppTests.swift; sourceTree = "<group>"; };
		3918446320B4422C0009256D /* Info.plist */ = {isa = PBXFileReference; lastKnownFileType = text.plist.xml; path = Info.plist; sourceTree = "<group>"; };
		3918446820B4422C0009256D /* JCAppUITests.xctest */ = {isa = PBXFileReference; explicitFileType = wrapper.cfbundle; includeInIndex = 0; path = JCAppUITests.xctest; sourceTree = BUILT_PRODUCTS_DIR; };
		3918446C20B4422C0009256D /* JCAppUITests.swift */ = {isa = PBXFileReference; lastKnownFileType = sourcecode.swift; path = JCAppUITests.swift; sourceTree = "<group>"; };
		3918446E20B4422C0009256D /* Info.plist */ = {isa = PBXFileReference; lastKnownFileType = text.plist.xml; path = Info.plist; sourceTree = "<group>"; };
		3918449120B4469A0009256D /* JCApiClient.framework */ = {isa = PBXFileReference; explicitFileType = wrapper.framework; path = JCApiClient.framework; sourceTree = BUILT_PRODUCTS_DIR; };
		3986277E20B44BFD00063201 /* EventsTableViewController.swift */ = {isa = PBXFileReference; lastKnownFileType = sourcecode.swift; path = EventsTableViewController.swift; sourceTree = "<group>"; };
/* End PBXFileReference section */

/* Begin PBXFrameworksBuildPhase section */
		3918444320B4422A0009256D /* Frameworks */ = {
			isa = PBXFrameworksBuildPhase;
			buildActionMask = 2147483647;
			files = (
				3918449220B4469A0009256D /* JCApiClient.framework in Frameworks */,
			);
			runOnlyForDeploymentPostprocessing = 0;
		};
		3918445A20B4422C0009256D /* Frameworks */ = {
			isa = PBXFrameworksBuildPhase;
			buildActionMask = 2147483647;
			files = (
			);
			runOnlyForDeploymentPostprocessing = 0;
		};
		3918446520B4422C0009256D /* Frameworks */ = {
			isa = PBXFrameworksBuildPhase;
			buildActionMask = 2147483647;
			files = (
			);
			runOnlyForDeploymentPostprocessing = 0;
		};
/* End PBXFrameworksBuildPhase section */

/* Begin PBXGroup section */
		3918443D20B4422A0009256D = {
			isa = PBXGroup;
			children = (
				3918444820B4422A0009256D /* JCApp */,
				3918446020B4422C0009256D /* JCAppTests */,
				3918446B20B4422C0009256D /* JCAppUITests */,
				3918444720B4422A0009256D /* Products */,
				3918448320B442D90009256D /* Frameworks */,
			);
			sourceTree = "<group>";
		};
		3918444720B4422A0009256D /* Products */ = {
			isa = PBXGroup;
			children = (
				3918444620B4422A0009256D /* JCApp.app */,
				3918445D20B4422C0009256D /* JCAppTests.xctest */,
				3918446820B4422C0009256D /* JCAppUITests.xctest */,
			);
			name = Products;
			sourceTree = "<group>";
		};
		3918444820B4422A0009256D /* JCApp */ = {
			isa = PBXGroup;
			children = (
				3918444D20B4422A0009256D /* Main.storyboard */,
				3986277E20B44BFD00063201 /* EventsTableViewController.swift */,
				3918448720B443300009256D /* Supporting Files */,
			);
			path = JCApp;
			sourceTree = "<group>";
		};
		3918446020B4422C0009256D /* JCAppTests */ = {
			isa = PBXGroup;
			children = (
				3918446120B4422C0009256D /* JCAppTests.swift */,
				3918446320B4422C0009256D /* Info.plist */,
			);
			path = JCAppTests;
			sourceTree = "<group>";
		};
		3918446B20B4422C0009256D /* JCAppUITests */ = {
			isa = PBXGroup;
			children = (
				3918446C20B4422C0009256D /* JCAppUITests.swift */,
				3918446E20B4422C0009256D /* Info.plist */,
			);
			path = JCAppUITests;
			sourceTree = "<group>";
		};
		3918448320B442D90009256D /* Frameworks */ = {
			isa = PBXGroup;
			children = (
				3918449120B4469A0009256D /* JCApiClient.framework */,
			);
			name = Frameworks;
			sourceTree = "<group>";
		};
		3918448720B443300009256D /* Supporting Files */ = {
			isa = PBXGroup;
			children = (
				3918444920B4422A0009256D /* AppDelegate.swift */,
				3918445320B4422C0009256D /* Assets.xcassets */,
				3918445520B4422C0009256D /* LaunchScreen.storyboard */,
				3918445820B4422C0009256D /* Info.plist */,
				3918445020B4422A0009256D /* JCApp.xcdatamodeld */,
			);
			path = "Supporting Files";
			sourceTree = "<group>";
		};
/* End PBXGroup section */

/* Begin PBXNativeTarget section */
		3918444520B4422A0009256D /* JCApp */ = {
			isa = PBXNativeTarget;
			buildConfigurationList = 3918447120B4422C0009256D /* Build configuration list for PBXNativeTarget "JCApp" */;
			buildPhases = (
				3918444220B4422A0009256D /* Sources */,
				3918444320B4422A0009256D /* Frameworks */,
				3918444420B4422A0009256D /* Resources */,
				3918448F20B446830009256D /* Embed Frameworks */,
			);
			buildRules = (
			);
			dependencies = (
			);
			name = JCApp;
			productName = JCApp;
			productReference = 3918444620B4422A0009256D /* JCApp.app */;
			productType = "com.apple.product-type.application";
		};
		3918445C20B4422C0009256D /* JCAppTests */ = {
			isa = PBXNativeTarget;
			buildConfigurationList = 3918447420B4422C0009256D /* Build configuration list for PBXNativeTarget "JCAppTests" */;
			buildPhases = (
				3918445920B4422C0009256D /* Sources */,
				3918445A20B4422C0009256D /* Frameworks */,
				3918445B20B4422C0009256D /* Resources */,
			);
			buildRules = (
			);
			dependencies = (
				3918445F20B4422C0009256D /* PBXTargetDependency */,
			);
			name = JCAppTests;
			productName = JCAppTests;
			productReference = 3918445D20B4422C0009256D /* JCAppTests.xctest */;
			productType = "com.apple.product-type.bundle.unit-test";
		};
		3918446720B4422C0009256D /* JCAppUITests */ = {
			isa = PBXNativeTarget;
			buildConfigurationList = 3918447720B4422C0009256D /* Build configuration list for PBXNativeTarget "JCAppUITests" */;
			buildPhases = (
				3918446420B4422C0009256D /* Sources */,
				3918446520B4422C0009256D /* Frameworks */,
				3918446620B4422C0009256D /* Resources */,
			);
			buildRules = (
			);
			dependencies = (
				3918446A20B4422C0009256D /* PBXTargetDependency */,
			);
			name = JCAppUITests;
			productName = JCAppUITests;
			productReference = 3918446820B4422C0009256D /* JCAppUITests.xctest */;
			productType = "com.apple.product-type.bundle.ui-testing";
		};
/* End PBXNativeTarget section */

/* Begin PBXProject section */
		3918443E20B4422A0009256D /* Project object */ = {
			isa = PBXProject;
			attributes = {
				LastSwiftUpdateCheck = 0930;
				LastUpgradeCheck = 0930;
				ORGANIZATIONNAME = "Jose Lino Neto";
				TargetAttributes = {
					3918444520B4422A0009256D = {
						CreatedOnToolsVersion = 9.3.1;
					};
					3918445C20B4422C0009256D = {
						CreatedOnToolsVersion = 9.3.1;
						TestTargetID = 3918444520B4422A0009256D;
					};
					3918446720B4422C0009256D = {
						CreatedOnToolsVersion = 9.3.1;
						TestTargetID = 3918444520B4422A0009256D;
					};
				};
			};
			buildConfigurationList = 3918444120B4422A0009256D /* Build configuration list for PBXProject "JCApp" */;
			compatibilityVersion = "Xcode 9.3";
			developmentRegion = en;
			hasScannedForEncodings = 0;
			knownRegions = (
				en,
				Base,
			);
			mainGroup = 3918443D20B4422A0009256D;
			productRefGroup = 3918444720B4422A0009256D /* Products */;
			projectDirPath = "";
			projectRoot = "";
			targets = (
				3918444520B4422A0009256D /* JCApp */,
				3918445C20B4422C0009256D /* JCAppTests */,
				3918446720B4422C0009256D /* JCAppUITests */,
			);
		};
/* End PBXProject section */

/* Begin PBXResourcesBuildPhase section */
		3918444420B4422A0009256D /* Resources */ = {
			isa = PBXResourcesBuildPhase;
			buildActionMask = 2147483647;
			files = (
				3918445720B4422C0009256D /* LaunchScreen.storyboard in Resources */,
				3918445420B4422C0009256D /* Assets.xcassets in Resources */,
				3918444F20B4422A0009256D /* Main.storyboard in Resources */,
			);
			runOnlyForDeploymentPostprocessing = 0;
		};
		3918445B20B4422C0009256D /* Resources */ = {
			isa = PBXResourcesBuildPhase;
			buildActionMask = 2147483647;
			files = (
			);
			runOnlyForDeploymentPostprocessing = 0;
		};
		3918446620B4422C0009256D /* Resources */ = {
			isa = PBXResourcesBuildPhase;
			buildActionMask = 2147483647;
			files = (
			);
			runOnlyForDeploymentPostprocessing = 0;
		};
/* End PBXResourcesBuildPhase section */

/* Begin PBXSourcesBuildPhase section */
		3918444220B4422A0009256D /* Sources */ = {
			isa = PBXSourcesBuildPhase;
			buildActionMask = 2147483647;
			files = (
				3918445220B4422A0009256D /* JCApp.xcdatamodeld in Sources */,
				3986277F20B44BFD00063201 /* EventsTableViewController.swift in Sources */,
				3918444A20B4422A0009256D /* AppDelegate.swift in Sources */,
			);
			runOnlyForDeploymentPostprocessing = 0;
		};
		3918445920B4422C0009256D /* Sources */ = {
			isa = PBXSourcesBuildPhase;
			buildActionMask = 2147483647;
			files = (
				3918446220B4422C0009256D /* JCAppTests.swift in Sources */,
			);
			runOnlyForDeploymentPostprocessing = 0;
		};
		3918446420B4422C0009256D /* Sources */ = {
			isa = PBXSourcesBuildPhase;
			buildActionMask = 2147483647;
			files = (
				3918446D20B4422C0009256D /* JCAppUITests.swift in Sources */,
			);
			runOnlyForDeploymentPostprocessing = 0;
		};
/* End PBXSourcesBuildPhase section */

/* Begin PBXTargetDependency section */
		3918445F20B4422C0009256D /* PBXTargetDependency */ = {
			isa = PBXTargetDependency;
			target = 3918444520B4422A0009256D /* JCApp */;
			targetProxy = 3918445E20B4422C0009256D /* PBXContainerItemProxy */;
		};
		3918446A20B4422C0009256D /* PBXTargetDependency */ = {
			isa = PBXTargetDependency;
			target = 3918444520B4422A0009256D /* JCApp */;
			targetProxy = 3918446920B4422C0009256D /* PBXContainerItemProxy */;
		};
/* End PBXTargetDependency section */

/* Begin PBXVariantGroup section */
		3918444D20B4422A0009256D /* Main.storyboard */ = {
			isa = PBXVariantGroup;
			children = (
				3918444E20B4422A0009256D /* Base */,
			);
			name = Main.storyboard;
			sourceTree = "<group>";
		};
		3918445520B4422C0009256D /* LaunchScreen.storyboard */ = {
			isa = PBXVariantGroup;
			children = (
				3918445620B4422C0009256D /* Base */,
			);
			name = LaunchScreen.storyboard;
			sourceTree = "<group>";
		};
/* End PBXVariantGroup section */

/* Begin XCBuildConfiguration section */
		3918446F20B4422C0009256D /* Debug */ = {
			isa = XCBuildConfiguration;
			buildSettings = {
				ALWAYS_SEARCH_USER_PATHS = NO;
				CLANG_ANALYZER_NONNULL = YES;
				CLANG_ANALYZER_NUMBER_OBJECT_CONVERSION = YES_AGGRESSIVE;
				CLANG_CXX_LANGUAGE_STANDARD = "gnu++14";
				CLANG_CXX_LIBRARY = "libc++";
				CLANG_ENABLE_MODULES = YES;
				CLANG_ENABLE_OBJC_ARC = YES;
				CLANG_ENABLE_OBJC_WEAK = YES;
				CLANG_WARN_BLOCK_CAPTURE_AUTORELEASING = YES;
				CLANG_WARN_BOOL_CONVERSION = YES;
				CLANG_WARN_COMMA = YES;
				CLANG_WARN_CONSTANT_CONVERSION = YES;
				CLANG_WARN_DEPRECATED_OBJC_IMPLEMENTATIONS = YES;
				CLANG_WARN_DIRECT_OBJC_ISA_USAGE = YES_ERROR;
				CLANG_WARN_DOCUMENTATION_COMMENTS = YES;
				CLANG_WARN_EMPTY_BODY = YES;
				CLANG_WARN_ENUM_CONVERSION = YES;
				CLANG_WARN_INFINITE_RECURSION = YES;
				CLANG_WARN_INT_CONVERSION = YES;
				CLANG_WARN_NON_LITERAL_NULL_CONVERSION = YES;
				CLANG_WARN_OBJC_IMPLICIT_RETAIN_SELF = YES;
				CLANG_WARN_OBJC_LITERAL_CONVERSION = YES;
				CLANG_WARN_OBJC_ROOT_CLASS = YES_ERROR;
				CLANG_WARN_RANGE_LOOP_ANALYSIS = YES;
				CLANG_WARN_STRICT_PROTOTYPES = YES;
				CLANG_WARN_SUSPICIOUS_MOVE = YES;
				CLANG_WARN_UNGUARDED_AVAILABILITY = YES_AGGRESSIVE;
				CLANG_WARN_UNREACHABLE_CODE = YES;
				CLANG_WARN__DUPLICATE_METHOD_MATCH = YES;
				CODE_SIGN_IDENTITY = "iPhone Developer";
				COPY_PHASE_STRIP = NO;
				DEBUG_INFORMATION_FORMAT = dwarf;
				ENABLE_STRICT_OBJC_MSGSEND = YES;
				ENABLE_TESTABILITY = YES;
				GCC_C_LANGUAGE_STANDARD = gnu11;
				GCC_DYNAMIC_NO_PIC = NO;
				GCC_NO_COMMON_BLOCKS = YES;
				GCC_OPTIMIZATION_LEVEL = 0;
				GCC_PREPROCESSOR_DEFINITIONS = (
					"DEBUG=1",
					"$(inherited)",
				);
				GCC_WARN_64_TO_32_BIT_CONVERSION = YES;
				GCC_WARN_ABOUT_RETURN_TYPE = YES_ERROR;
				GCC_WARN_UNDECLARED_SELECTOR = YES;
				GCC_WARN_UNINITIALIZED_AUTOS = YES_AGGRESSIVE;
				GCC_WARN_UNUSED_FUNCTION = YES;
				GCC_WARN_UNUSED_VARIABLE = YES;
				IPHONEOS_DEPLOYMENT_TARGET = 11.3;
				MTL_ENABLE_DEBUG_INFO = YES;
				ONLY_ACTIVE_ARCH = YES;
				SDKROOT = iphoneos;
				SWIFT_ACTIVE_COMPILATION_CONDITIONS = DEBUG;
				SWIFT_OPTIMIZATION_LEVEL = "-Onone";
			};
			name = Debug;
		};
		3918447020B4422C0009256D /* Release */ = {
			isa = XCBuildConfiguration;
			buildSettings = {
				ALWAYS_SEARCH_USER_PATHS = NO;
				CLANG_ANALYZER_NONNULL = YES;
				CLANG_ANALYZER_NUMBER_OBJECT_CONVERSION = YES_AGGRESSIVE;
				CLANG_CXX_LANGUAGE_STANDARD = "gnu++14";
				CLANG_CXX_LIBRARY = "libc++";
				CLANG_ENABLE_MODULES = YES;
				CLANG_ENABLE_OBJC_ARC = YES;
				CLANG_ENABLE_OBJC_WEAK = YES;
				CLANG_WARN_BLOCK_CAPTURE_AUTORELEASING = YES;
				CLANG_WARN_BOOL_CONVERSION = YES;
				CLANG_WARN_COMMA = YES;
				CLANG_WARN_CONSTANT_CONVERSION = YES;
				CLANG_WARN_DEPRECATED_OBJC_IMPLEMENTATIONS = YES;
				CLANG_WARN_DIRECT_OBJC_ISA_USAGE = YES_ERROR;
				CLANG_WARN_DOCUMENTATION_COMMENTS = YES;
				CLANG_WARN_EMPTY_BODY = YES;
				CLANG_WARN_ENUM_CONVERSION = YES;
				CLANG_WARN_INFINITE_RECURSION = YES;
				CLANG_WARN_INT_CONVERSION = YES;
				CLANG_WARN_NON_LITERAL_NULL_CONVERSION = YES;
				CLANG_WARN_OBJC_IMPLICIT_RETAIN_SELF = YES;
				CLANG_WARN_OBJC_LITERAL_CONVERSION = YES;
				CLANG_WARN_OBJC_ROOT_CLASS = YES_ERROR;
				CLANG_WARN_RANGE_LOOP_ANALYSIS = YES;
				CLANG_WARN_STRICT_PROTOTYPES = YES;
				CLANG_WARN_SUSPICIOUS_MOVE = YES;
				CLANG_WARN_UNGUARDED_AVAILABILITY = YES_AGGRESSIVE;
				CLANG_WARN_UNREACHABLE_CODE = YES;
				CLANG_WARN__DUPLICATE_METHOD_MATCH = YES;
				CODE_SIGN_IDENTITY = "iPhone Developer";
				COPY_PHASE_STRIP = NO;
				DEBUG_INFORMATION_FORMAT = "dwarf-with-dsym";
				ENABLE_NS_ASSERTIONS = NO;
				ENABLE_STRICT_OBJC_MSGSEND = YES;
				GCC_C_LANGUAGE_STANDARD = gnu11;
				GCC_NO_COMMON_BLOCKS = YES;
				GCC_WARN_64_TO_32_BIT_CONVERSION = YES;
				GCC_WARN_ABOUT_RETURN_TYPE = YES_ERROR;
				GCC_WARN_UNDECLARED_SELECTOR = YES;
				GCC_WARN_UNINITIALIZED_AUTOS = YES_AGGRESSIVE;
				GCC_WARN_UNUSED_FUNCTION = YES;
				GCC_WARN_UNUSED_VARIABLE = YES;
				IPHONEOS_DEPLOYMENT_TARGET = 11.3;
				MTL_ENABLE_DEBUG_INFO = NO;
				SDKROOT = iphoneos;
				SWIFT_COMPILATION_MODE = wholemodule;
				SWIFT_OPTIMIZATION_LEVEL = "-O";
				VALIDATE_PRODUCT = YES;
			};
			name = Release;
		};
		3918447220B4422C0009256D /* Debug */ = {
			isa = XCBuildConfiguration;
			buildSettings = {
				ASSETCATALOG_COMPILER_APPICON_NAME = AppIcon;
				CODE_SIGN_STYLE = Automatic;
				DEVELOPMENT_TEAM = 6CEJZ72DDU;
				INFOPLIST_FILE = "JCApp/Supporting Files/Info.plist";
				JOINCOMMUNITY_URL_API = "https://jcapi.pedrogyn.com.br/";
				LD_RUNPATH_SEARCH_PATHS = (
					"$(inherited)",
					"@executable_path/Frameworks",
				);
				PRODUCT_BUNDLE_IDENTIFIER = br.com.construtor.JCApp;
				PRODUCT_NAME = "$(TARGET_NAME)";
				SWIFT_VERSION = 4.0;
				TARGETED_DEVICE_FAMILY = "1,2";
			};
			name = Debug;
		};
		3918447320B4422C0009256D /* Release */ = {
			isa = XCBuildConfiguration;
			buildSettings = {
				ASSETCATALOG_COMPILER_APPICON_NAME = AppIcon;
				CODE_SIGN_STYLE = Automatic;
				DEVELOPMENT_TEAM = 6CEJZ72DDU;
				INFOPLIST_FILE = "JCApp/Supporting Files/Info.plist";
				JOINCOMMUNITY_URL_API = "https://jcapi.pedrogyn.com.br/";
				LD_RUNPATH_SEARCH_PATHS = (
					"$(inherited)",
					"@executable_path/Frameworks",
				);
				PRODUCT_BUNDLE_IDENTIFIER = br.com.construtor.JCApp;
				PRODUCT_NAME = "$(TARGET_NAME)";
				SWIFT_VERSION = 4.0;
				TARGETED_DEVICE_FAMILY = "1,2";
			};
			name = Release;
		};
		3918447520B4422C0009256D /* Debug */ = {
			isa = XCBuildConfiguration;
			buildSettings = {
				ALWAYS_EMBED_SWIFT_STANDARD_LIBRARIES = YES;
				BUNDLE_LOADER = "$(TEST_HOST)";
				CODE_SIGN_STYLE = Automatic;
				DEVELOPMENT_TEAM = 6CEJZ72DDU;
				INFOPLIST_FILE = JCAppTests/Info.plist;
				LD_RUNPATH_SEARCH_PATHS = (
					"$(inherited)",
					"@executable_path/Frameworks",
					"@loader_path/Frameworks",
				);
				PRODUCT_BUNDLE_IDENTIFIER = br.com.construtor.JCAppTests;
				PRODUCT_NAME = "$(TARGET_NAME)";
				SWIFT_VERSION = 4.0;
				TARGETED_DEVICE_FAMILY = "1,2";
				TEST_HOST = "$(BUILT_PRODUCTS_DIR)/JCApp.app/JCApp";
			};
			name = Debug;
		};
		3918447620B4422C0009256D /* Release */ = {
			isa = XCBuildConfiguration;
			buildSettings = {
				ALWAYS_EMBED_SWIFT_STANDARD_LIBRARIES = YES;
				BUNDLE_LOADER = "$(TEST_HOST)";
				CODE_SIGN_STYLE = Automatic;
				DEVELOPMENT_TEAM = 6CEJZ72DDU;
				INFOPLIST_FILE = JCAppTests/Info.plist;
				LD_RUNPATH_SEARCH_PATHS = (
					"$(inherited)",
					"@executable_path/Frameworks",
					"@loader_path/Frameworks",
				);
				PRODUCT_BUNDLE_IDENTIFIER = br.com.construtor.JCAppTests;
				PRODUCT_NAME = "$(TARGET_NAME)";
				SWIFT_VERSION = 4.0;
				TARGETED_DEVICE_FAMILY = "1,2";
				TEST_HOST = "$(BUILT_PRODUCTS_DIR)/JCApp.app/JCApp";
			};
			name = Release;
		};
		3918447820B4422C0009256D /* Debug */ = {
			isa = XCBuildConfiguration;
			buildSettings = {
				ALWAYS_EMBED_SWIFT_STANDARD_LIBRARIES = YES;
				CODE_SIGN_STYLE = Automatic;
				DEVELOPMENT_TEAM = 6CEJZ72DDU;
				INFOPLIST_FILE = JCAppUITests/Info.plist;
				LD_RUNPATH_SEARCH_PATHS = (
					"$(inherited)",
					"@executable_path/Frameworks",
					"@loader_path/Frameworks",
				);
				PRODUCT_BUNDLE_IDENTIFIER = br.com.construtor.JCAppUITests;
				PRODUCT_NAME = "$(TARGET_NAME)";
				SWIFT_VERSION = 4.0;
				TARGETED_DEVICE_FAMILY = "1,2";
				TEST_TARGET_NAME = JCApp;
			};
			name = Debug;
		};
		3918447920B4422C0009256D /* Release */ = {
			isa = XCBuildConfiguration;
			buildSettings = {
				ALWAYS_EMBED_SWIFT_STANDARD_LIBRARIES = YES;
				CODE_SIGN_STYLE = Automatic;
				DEVELOPMENT_TEAM = 6CEJZ72DDU;
				INFOPLIST_FILE = JCAppUITests/Info.plist;
				LD_RUNPATH_SEARCH_PATHS = (
					"$(inherited)",
					"@executable_path/Frameworks",
					"@loader_path/Frameworks",
				);
				PRODUCT_BUNDLE_IDENTIFIER = br.com.construtor.JCAppUITests;
				PRODUCT_NAME = "$(TARGET_NAME)";
				SWIFT_VERSION = 4.0;
				TARGETED_DEVICE_FAMILY = "1,2";
				TEST_TARGET_NAME = JCApp;
			};
			name = Release;
		};
/* End XCBuildConfiguration section */

/* Begin XCConfigurationList section */
		3918444120B4422A0009256D /* Build configuration list for PBXProject "JCApp" */ = {
			isa = XCConfigurationList;
			buildConfigurations = (
				3918446F20B4422C0009256D /* Debug */,
				3918447020B4422C0009256D /* Release */,
			);
			defaultConfigurationIsVisible = 0;
			defaultConfigurationName = Release;
		};
		3918447120B4422C0009256D /* Build configuration list for PBXNativeTarget "JCApp" */ = {
			isa = XCConfigurationList;
			buildConfigurations = (
				3918447220B4422C0009256D /* Debug */,
				3918447320B4422C0009256D /* Release */,
			);
			defaultConfigurationIsVisible = 0;
			defaultConfigurationName = Release;
		};
		3918447420B4422C0009256D /* Build configuration list for PBXNativeTarget "JCAppTests" */ = {
			isa = XCConfigurationList;
			buildConfigurations = (
				3918447520B4422C0009256D /* Debug */,
				3918447620B4422C0009256D /* Release */,
			);
			defaultConfigurationIsVisible = 0;
			defaultConfigurationName = Release;
		};
		3918447720B4422C0009256D /* Build configuration list for PBXNativeTarget "JCAppUITests" */ = {
			isa = XCConfigurationList;
			buildConfigurations = (
				3918447820B4422C0009256D /* Debug */,
				3918447920B4422C0009256D /* Release */,
			);
			defaultConfigurationIsVisible = 0;
			defaultConfigurationName = Release;
		};
/* End XCConfigurationList section */

/* Begin XCVersionGroup section */
		3918445020B4422A0009256D /* JCApp.xcdatamodeld */ = {
			isa = XCVersionGroup;
			children = (
				3918445120B4422A0009256D /* JCApp.xcdatamodel */,
			);
			currentVersion = 3918445120B4422A0009256D /* JCApp.xcdatamodel */;
			path = JCApp.xcdatamodeld;
			sourceTree = "<group>";
			versionGroupType = wrapper.xcdatamodel;
		};
/* End XCVersionGroup section */
	};
	rootObject = 3918443E20B4422A0009256D /* Project object */;
}
